
Microsoft Visual Studio Solution File, Format Version 12.00
# Visual Studio Version 17
VisualStudioVersion = 17.6.33815.320
MinimumVisualStudioVersion = 10.0.40219.1
Project("{FAE04EC0-301F-11D3-BF4B-00C04F79EFBC}") = "WpfApp", "WpfApp\WpfApp.csproj", "{9F5E86D8-861F-4528-9BE0-A07FFD7EF41E}"
EndProject
Global
	GlobalSection(SolutionConfigurationPlatforms) = preSolution
		Debug|Any CPU = Debug|Any CPU
		Release|Any CPU = Release|Any CPU
	EndGlobalSection
	GlobalSection(ProjectConfigurationPlatforms) = postSolution
		{9F5E86D8-861F-4528-9BE0-A07FFD7EF41E}.Debug|Any CPU.ActiveCfg = Debug|Any CPU
		{9F5E86D8-861F-4528-9BE0-A07FFD7EF41E}.Debug|Any CPU.Build.0 = Debug|Any CPU
		{9F5E86D8-861F-4528-9BE0-A07FFD7EF41E}.Release|Any CPU.ActiveCfg = Release|Any CPU
		{9F5E86D8-861F-4528-9BE0-A07FFD7EF41E}.Release|Any CPU.Build.0 = Release|Any CPU
	EndGlobalSection
	GlobalSection(SolutionProperties) = preSolution
		HideSolutionNode = FALSE
	EndGlobalSection
	GlobalSection(ExtensibilityGlobals) = postSolution
		SolutionGuid = {6C651297-E62A-4989-90B5-D0D6D5341644}
	EndGlobalSection
EndGlobal
